{
  "requires": true,
  "lockfileVersion": 1,
  "dependencies": {
    "001": {
      "version": "0.0.1",
      "resolved": "https://registry.npmjs.org/001/-/001-0.0.1.tgz",
      "integrity": "sha512-tMSWcXbz1pY4s4thhMKMydF9wrYPozmkC9ZIYrqbGRaz+8/DY6sv3VrapGsAM/vNQOrtKVarDHPMr1oyeuQJnA=="
    }
  }
}
